PODS:
  - ChameleonFramework/Default (2.0.5)
  - ChameleonFramework/Swift (2.0.5):
    - ChameleonFramework/Default
  - EasyAnimation (1.0.1)

DEPENDENCIES:
  - ChameleonFramework/Swift
  - EasyAnimation

SPEC CHECKSUMS:
  ChameleonFramework: 69b0256ae77de31b89b9c83ef501d154e1e64341
  EasyAnimation: 270584ad88949718dfb9e2d957719f4f7ddc87ea

COCOAPODS: 0.39.0
